
Microsoft Visual Studio Solution File, Format Version 12.00
# Visual Studio Version 17
VisualStudioVersion = 17.6.33723.286
MinimumVisualStudioVersion = 10.0.40219.1
Project("{9A19103F-16F7-4668-BE54-9A1E7A4F7556}") = "API.Docentes", "API.Docente\API.Docentes.csproj", "{16143B77-1DB9-4506-A72D-8A7E67429DCD}"
EndProject
Project("{9A19103F-16F7-4668-BE54-9A1E7A4F7556}") = "API.Docentes.Application", "API.Docente.Application\API.Docentes.Application.csproj", "{D8D0E5BE-96D3-4BD1-9AC5-ED9872F30856}"
EndProject
Project("{9A19103F-16F7-4668-BE54-9A1E7A4F7556}") = "API.Docentes.Domain", "API.Docente.Domain\API.Docentes.Domain.csproj", "{B5B1D539-B3F4-489B-B52F-1E7D3539DE41}"
EndProject
Project("{9A19103F-16F7-4668-BE54-9A1E7A4F7556}") = "API.Docentes.Infraestructure", "API.Docente.Infraestructure\API.Docentes.Infraestructure.csproj", "{1C57A3F7-5D2B-4ED1-BAF6-812208FDE996}"
EndProject
Global
	GlobalSection(SolutionConfigurationPlatforms) = preSolution
		Debug|Any CPU = Debug|Any CPU
		Release|Any CPU = Release|Any CPU
	EndGlobalSection
	GlobalSection(ProjectConfigurationPlatforms) = postSolution
		{16143B77-1DB9-4506-A72D-8A7E67429DCD}.Debug|Any CPU.ActiveCfg = Debug|Any CPU
		{16143B77-1DB9-4506-A72D-8A7E67429DCD}.Debug|Any CPU.Build.0 = Debug|Any CPU
		{16143B77-1DB9-4506-A72D-8A7E67429DCD}.Release|Any CPU.ActiveCfg = Release|Any CPU
		{16143B77-1DB9-4506-A72D-8A7E67429DCD}.Release|Any CPU.Build.0 = Release|Any CPU
		{D8D0E5BE-96D3-4BD1-9AC5-ED9872F30856}.Debug|Any CPU.ActiveCfg = Debug|Any CPU
		{D8D0E5BE-96D3-4BD1-9AC5-ED9872F30856}.Debug|Any CPU.Build.0 = Debug|Any CPU
		{D8D0E5BE-96D3-4BD1-9AC5-ED9872F30856}.Release|Any CPU.ActiveCfg = Release|Any CPU
		{D8D0E5BE-96D3-4BD1-9AC5-ED9872F30856}.Release|Any CPU.Build.0 = Release|Any CPU
		{B5B1D539-B3F4-489B-B52F-1E7D3539DE41}.Debug|Any CPU.ActiveCfg = Debug|Any CPU
		{B5B1D539-B3F4-489B-B52F-1E7D3539DE41}.Debug|Any CPU.Build.0 = Debug|Any CPU
		{B5B1D539-B3F4-489B-B52F-1E7D3539DE41}.Release|Any CPU.ActiveCfg = Release|Any CPU
		{B5B1D539-B3F4-489B-B52F-1E7D3539DE41}.Release|Any CPU.Build.0 = Release|Any CPU
		{1C57A3F7-5D2B-4ED1-BAF6-812208FDE996}.Debug|Any CPU.ActiveCfg = Debug|Any CPU
		{1C57A3F7-5D2B-4ED1-BAF6-812208FDE996}.Debug|Any CPU.Build.0 = Debug|Any CPU
		{1C57A3F7-5D2B-4ED1-BAF6-812208FDE996}.Release|Any CPU.ActiveCfg = Release|Any CPU
		{1C57A3F7-5D2B-4ED1-BAF6-812208FDE996}.Release|Any CPU.Build.0 = Release|Any CPU
	EndGlobalSection
	GlobalSection(SolutionProperties) = preSolution
		HideSolutionNode = FALSE
	EndGlobalSection
	GlobalSection(ExtensibilityGlobals) = postSolution
		SolutionGuid = {C5875774-8A04-4398-A306-438C54BD3C17}
	EndGlobalSection
EndGlobal
